
Microsoft Visual Studio Solution File, Format Version 12.00
# Visual Studio 15
VisualStudioVersion = 15.0.27703.2035
MinimumVisualStudioVersion = 10.0.40219.1
Project("{FAE04EC0-301F-11D3-BF4B-00C04F79EFBC}") = "MLApp", "MLApp\MLApp.csproj", "{434F2972-52CD-4CA2-904E-67A9D0D8702F}"
EndProject
Global
	GlobalSection(SolutionConfigurationPlatforms) = preSolution
		Debug|Any CPU = Debug|Any CPU
		Release|Any CPU = Release|Any CPU
	EndGlobalSection
	GlobalSection(ProjectConfigurationPlatforms) = postSolution
		{434F2972-52CD-4CA2-904E-67A9D0D8702F}.Debug|Any CPU.ActiveCfg = Debug|Any CPU
		{434F2972-52CD-4CA2-904E-67A9D0D8702F}.Debug|Any CPU.Build.0 = Debug|Any CPU
		{434F2972-52CD-4CA2-904E-67A9D0D8702F}.Release|Any CPU.ActiveCfg = Release|Any CPU
		{434F2972-52CD-4CA2-904E-67A9D0D8702F}.Release|Any CPU.Build.0 = Release|Any CPU
	EndGlobalSection
	GlobalSection(SolutionProperties) = preSolution
		HideSolutionNode = FALSE
	EndGlobalSection
	GlobalSection(ExtensibilityGlobals) = postSolution
		SolutionGuid = {EED89461-2ADA-4384-A04B-89D8A21902F9}
	EndGlobalSection
EndGlobal
